{
  "nodes": {
    "flakeNimbleLib": {
      "inputs": {
        "nixpkgs": [
          "nixpkgs"
        ]
      },
      "locked": {
        "lastModified": 1647920574,
        "narHash": "sha256-D3ob5QykELhyNcTnISOkjEzLlgXltwON8Ucrz5cpiQI=",
        "owner": "riinr",
        "repo": "nim-flakes-lib",
        "rev": "bfb46a1f762002f07f9d81d93dacd544c6890623",
        "type": "github"
      },
      "original": {
        "owner": "riinr",
        "ref": "master",
        "repo": "nim-flakes-lib",
        "type": "github"
      }
    },
    "mddoc": {
      "inputs": {
        "flakeNimbleLib": [
          "flakeNimbleLib"
        ],
        "nixpkgs": [
          "nixpkgs"
        ],
        "src-mddoc-0_0_4": "src-mddoc-0_0_4"
      },
      "locked": {
        "dir": "0_0_4",
        "lastModified": 1647934283,
        "narHash": "sha256-hloTL/phUVbM4zV1ixSNELmoKjIKlUYAykRrJl/KNsU=",
        "owner": "nim-nix-pkgs",
        "repo": "mddoc",
        "rev": "9a82efdac515d39192b8b8fa6c208618fd351aa5",
        "type": "github"
      },
      "original": {
        "dir": "0_0_4",
        "owner": "nim-nix-pkgs",
        "ref": "master",
        "repo": "mddoc",
        "type": "github"
      }
    },
    "nixpkgs": {
      "locked": {
        "narHash": "sha256-sK1Ow//80EKE3bAF5d+2gB8vPXw6m5TBk3wSLHvdVe0=",
        "path": "/nix/store/0yqgkbpmsk7ck4s34wk505sfdd9vils4-source",
        "type": "path"
      },
      "original": {
        "id": "nixpkgs",
        "type": "indirect"
      }
    },
    "root": {
      "inputs": {
        "flakeNimbleLib": "flakeNimbleLib",
        "mddoc": "mddoc",
        "nixpkgs": "nixpkgs",
        "src-vmath-0_3_0": "src-vmath-0_3_0"
      }
    },
    "src-mddoc-0_0_4": {
      "flake": false,
      "locked": {
        "lastModified": 1583465470,
        "narHash": "sha256-zVJJ85xEBRxrpQz03MsMHTv8yLza3JCMGqOHKfuFxRU=",
        "owner": "treeform",
        "repo": "mddoc",
        "rev": "81488710f60958dde18c4963975cdc8e8e3a8820",
        "type": "github"
      },
      "original": {
        "owner": "treeform",
        "ref": "refs/tags/0.0.4",
        "repo": "mddoc",
        "type": "github"
      }
    },
    "src-vmath-0_3_0": {
      "flake": false,
      "locked": {
        "lastModified": 1583637961,
        "narHash": "sha256-SwdxR12NlJse0YIQBqvEK9BkxSuxXKWwE9nW9tc/mys=",
        "owner": "treeform",
        "repo": "vmath",
        "rev": "adbd4a6849c964c9b9dfab2ff1437dfc6f864073",
        "type": "github"
      },
      "original": {
        "owner": "treeform",
        "ref": "refs/tags/0.3.0",
        "repo": "vmath",
        "type": "github"
      }
    }
  },
  "root": "root",
  "version": 7
}
